
Microsoft Visual Studio Solution File, Format Version 12.00
# Visual Studio Version 17
VisualStudioVersion = 17.0.31912.275
MinimumVisualStudioVersion = 10.0.40219.1
Project("{FAE04EC0-301F-11D3-BF4B-00C04F79EFBC}") = "SpeedWriterWPF", "SpeedWriterWPF.csproj", "{F2218ACE-FFD7-455C-A782-3F93FEE0280F}"
EndProject
Global
	GlobalSection(SolutionConfigurationPlatforms) = preSolution
		Debug|Any CPU = Debug|Any CPU
		Release|Any CPU = Release|Any CPU
	EndGlobalSection
	GlobalSection(ProjectConfigurationPlatforms) = postSolution
		{F2218ACE-FFD7-455C-A782-3F93FEE0280F}.Debug|Any CPU.ActiveCfg = Debug|Any CPU
		{F2218ACE-FFD7-455C-A782-3F93FEE0280F}.Debug|Any CPU.Build.0 = Debug|Any CPU
		{F2218ACE-FFD7-455C-A782-3F93FEE0280F}.Release|Any CPU.ActiveCfg = Release|Any CPU
		{F2218ACE-FFD7-455C-A782-3F93FEE0280F}.Release|Any CPU.Build.0 = Release|Any CPU
	EndGlobalSection
	GlobalSection(SolutionProperties) = preSolution
		HideSolutionNode = FALSE
	EndGlobalSection
	GlobalSection(ExtensibilityGlobals) = postSolution
		SolutionGuid = {896287EA-A399-42A7-B19A-6036F72BFE25}
	EndGlobalSection
EndGlobal
